
Microsoft Visual Studio Solution File, Format Version 12.00
# Visual Studio Version 16
VisualStudioVersion = 16.0.32126.315
MinimumVisualStudioVersion = 10.0.40219.1
Project("{FAE04EC0-301F-11D3-BF4B-00C04F79EFBC}") = "NajwiekszaWartosc", "NajwiekszaWartosc\NajwiekszaWartosc.csproj", "{D8EE26CA-639A-495E-9CA3-1F64B94A9DD7}"
EndProject
Global
	GlobalSection(SolutionConfigurationPlatforms) = preSolution
		Debug|Any CPU = Debug|Any CPU
		Release|Any CPU = Release|Any CPU
	EndGlobalSection
	GlobalSection(ProjectConfigurationPlatforms) = postSolution
		{D8EE26CA-639A-495E-9CA3-1F64B94A9DD7}.Debug|Any CPU.ActiveCfg = Debug|Any CPU
		{D8EE26CA-639A-495E-9CA3-1F64B94A9DD7}.Debug|Any CPU.Build.0 = Debug|Any CPU
		{D8EE26CA-639A-495E-9CA3-1F64B94A9DD7}.Release|Any CPU.ActiveCfg = Release|Any CPU
		{D8EE26CA-639A-495E-9CA3-1F64B94A9DD7}.Release|Any CPU.Build.0 = Release|Any CPU
	EndGlobalSection
	GlobalSection(SolutionProperties) = preSolution
		HideSolutionNode = FALSE
	EndGlobalSection
	GlobalSection(ExtensibilityGlobals) = postSolution
		SolutionGuid = {96929A6B-3AFD-4D1C-B32C-271F893DD572}
	EndGlobalSection
EndGlobal
